// !$*UTF8*$!
{
	archiveVersion = 1;
	classes = {
	};
	objectVersion = 46;
	objects = {

/* Begin PBXBuildFile section */
		285340F41E4DE92C005128C7 /* main.m in Sources */ = {isa = PBXBuildFile; fileRef = 285340F31E4DE92C005128C7 /* main.m */; };
		285340F71E4DE92C005128C7 /* AppDelegate.m in Sources */ = {isa = PBXBuildFile; fileRef = 285340F61E4DE92C005128C7 /* AppDelegate.m */; };
		285340FA1E4DE92C005128C7 /* ViewController.m in Sources */ = {isa = PBXBuildFile; fileRef = 285340F91E4DE92C005128C7 /* ViewController.m */; };
		285340FD1E4DE92C005128C7 /* Main.storyboard in Resources */ = {isa = PBXBuildFile; fileRef = 285340FB1E4DE92C005128C7 /* Main.storyboard */; };
		285340FF1E4DE92C005128C7 /* Assets.xcassets in Resources */ = {isa = PBXBuildFile; fileRef = 285340FE1E4DE92C005128C7 /* Assets.xcassets */; };
		285341021E4DE92C005128C7 /* LaunchScreen.storyboard in Resources */ = {isa = PBXBuildFile; fileRef = 285341001E4DE92C005128C7 /* LaunchScreen.storyboard */; };
		2853410D1E4DE96E005128C7 /* SNParse.m in Sources */ = {isa = PBXBuildFile; fileRef = 2853410C1E4DE96E005128C7 /* SNParse.m */; };
		285341111E532EAA005128C7 /* SNNetwork.m in Sources */ = {isa = PBXBuildFile; fileRef = 285341101E532EAA005128C7 /* SNNetwork.m */; };
		285341141E532ECB005128C7 /* SNNovelModel.m in Sources */ = {isa = PBXBuildFile; fileRef = 285341131E532ECB005128C7 /* SNNovelModel.m */; };
		285341171E53317C005128C7 /* SNChapterModel.m in Sources */ = {isa = PBXBuildFile; fileRef = 285341161E53317C005128C7 /* SNChapterModel.m */; };
		285341191E548297005128C7 /* Sites.plist in Resources */ = {isa = PBXBuildFile; fileRef = 285341181E548297005128C7 /* Sites.plist */; };
		2853411C1E548659005128C7 /* SNSitesManager.m in Sources */ = {isa = PBXBuildFile; fileRef = 2853411B1E548659005128C7 /* SNSitesManager.m */; };
		285341201E5489F6005128C7 /* libxml2.2.tbd in Frameworks */ = {isa = PBXBuildFile; fileRef = 2853411F1E5489F6005128C7 /* libxml2.2.tbd */; };
		285341251E548A12005128C7 /* GDataXMLNode.m in Sources */ = {isa = PBXBuildFile; fileRef = 285341241E548A12005128C7 /* GDataXMLNode.m */; };
		285341281E548CEC005128C7 /* SNSite_DH.m in Sources */ = {isa = PBXBuildFile; fileRef = 285341271E548CEC005128C7 /* SNSite_DH.m */; };
		285341321E5490A5005128C7 /* NSTimer+FGRBlock.m in Sources */ = {isa = PBXBuildFile; fileRef = 2853412B1E5490A5005128C7 /* NSTimer+FGRBlock.m */; };
		285341331E5490A5005128C7 /* NSString+FGRExtension.m in Sources */ = {isa = PBXBuildFile; fileRef = 2853412D1E5490A5005128C7 /* NSString+FGRExtension.m */; };
		285341341E5490A5005128C7 /* UIImage+FGRExtension.m in Sources */ = {isa = PBXBuildFile; fileRef = 2853412F1E5490A5005128C7 /* UIImage+FGRExtension.m */; };
		285341351E5490A5005128C7 /* UIColor+FGRExtension.m in Sources */ = {isa = PBXBuildFile; fileRef = 285341311E5490A5005128C7 /* UIColor+FGRExtension.m */; };
		2853413F1E549915005128C7 /* SNSite_520.m in Sources */ = {isa = PBXBuildFile; fileRef = 285341371E549915005128C7 /* SNSite_520.m */; };
		285341401E549915005128C7 /* SNSite_SHH.m in Sources */ = {isa = PBXBuildFile; fileRef = 285341381E549915005128C7 /* SNSite_SHH.m */; };
		285341411E549915005128C7 /* SNSite_LW.m in Sources */ = {isa = PBXBuildFile; fileRef = 285341391E549915005128C7 /* SNSite_LW.m */; };
		285341421E549915005128C7 /* SNSite_MP.m in Sources */ = {isa = PBXBuildFile; fileRef = 2853413A1E549915005128C7 /* SNSite_MP.m */; };
		285341431E549915005128C7 /* SNSite_LDW.m in Sources */ = {isa = PBXBuildFile; fileRef = 2853413B1E549915005128C7 /* SNSite_LDW.m */; };
		285341441E549915005128C7 /* SNSite_QK.m in Sources */ = {isa = PBXBuildFile; fileRef = 2853413C1E549915005128C7 /* SNSite_QK.m */; };
		285341451E549915005128C7 /* SNSite_HH.m in Sources */ = {isa = PBXBuildFile; fileRef = 2853413D1E549915005128C7 /* SNSite_HH.m */; };
		285341461E549915005128C7 /* SNSite_SN.m in Sources */ = {isa = PBXBuildFile; fileRef = 2853413E1E549915005128C7 /* SNSite_SN.m */; };
		285341521E571D76005128C7 /* Test.m in Sources */ = {isa = PBXBuildFile; fileRef = 285341511E571D76005128C7 /* Test.m */; };
		2853415B1E59DC9D005128C7 /* SNSite_BQG.m in Sources */ = {isa = PBXBuildFile; fileRef = 2853415A1E59DC9D005128C7 /* SNSite_BQG.m */; };
		690C2339CAB78C8ED83FC26F /* libPods-ScanNovel.a in Frameworks */ = {isa = PBXBuildFile; fileRef = E79FFD29D4AAF823771EC103 /* libPods-ScanNovel.a */; };
		DDEF6FB9CFF04FD967FB0EFE /* libPods-Test.a in Frameworks */ = {isa = PBXBuildFile; fileRef = D674ED670EDA27354B1289A7 /* libPods-Test.a */; };
/* End PBXBuildFile section */

/* Begin PBXContainerItemProxy section */
		285341541E571D76005128C7 /* PBXContainerItemProxy */ = {
			isa = PBXContainerItemProxy;
			containerPortal = 285340E71E4DE92C005128C7 /* Project object */;
			proxyType = 1;
			remoteGlobalIDString = 285340EE1E4DE92C005128C7;
			remoteInfo = ScanNovel;
		};
/* End PBXContainerItemProxy section */

/* Begin PBXFileReference section */
		12FDA2DE785B851441DB039A /* Pods-ScanNovel.release.xcconfig */ = {isa = PBXFileReference; includeInIndex = 1; lastKnownFileType = text.xcconfig; name = "Pods-ScanNovel.release.xcconfig"; path = "Pods/Target Support Files/Pods-ScanNovel/Pods-ScanNovel.release.xcconfig"; sourceTree = "<group>"; };
		285340EF1E4DE92C005128C7 /* ScanNovel.app */ = {isa = PBXFileReference; explicitFileType = wrapper.application; includeInIndex = 0; path = ScanNovel.app; sourceTree = BUILT_PRODUCTS_DIR; };
		285340F31E4DE92C005128C7 /* main.m */ = {isa = PBXFileReference; lastKnownFileType = sourcecode.c.objc; path = main.m; sourceTree = "<group>"; };
		285340F51E4DE92C005128C7 /* AppDelegate.h */ = {isa = PBXFileReference; lastKnownFileType = sourcecode.c.h; path = AppDelegate.h; sourceTree = "<group>"; };
		285340F61E4DE92C005128C7 /* AppDelegate.m */ = {isa = PBXFileReference; lastKnownFileType = sourcecode.c.objc; path = AppDelegate.m; sourceTree = "<group>"; };
		285340F81E4DE92C005128C7 /* ViewController.h */ = {isa = PBXFileReference; lastKnownFileType = sourcecode.c.h; path = ViewController.h; sourceTree = "<group>"; };
		285340F91E4DE92C005128C7 /* ViewController.m */ = {isa = PBXFileReference; lastKnownFileType = sourcecode.c.objc; path = ViewController.m; sourceTree = "<group>"; };
		285340FC1E4DE92C005128C7 /* Base */ = {isa = PBXFileReference; lastKnownFileType = file.storyboard; name = Base; path = Base.lproj/Main.storyboard; sourceTree = "<group>"; };
		285340FE1E4DE92C005128C7 /* Assets.xcassets */ = {isa = PBXFileReference; lastKnownFileType = folder.assetcatalog; path = Assets.xcassets; sourceTree = "<group>"; };
		285341011E4DE92C005128C7 /* Base */ = {isa = PBXFileReference; lastKnownFileType = file.storyboard; name = Base; path = Base.lproj/LaunchScreen.storyboard; sourceTree = "<group>"; };
		285341031E4DE92C005128C7 /* Info.plist */ = {isa = PBXFileReference; lastKnownFileType = text.plist.xml; path = Info.plist; sourceTree = "<group>"; };
		2853410B1E4DE96E005128C7 /* SNParse.h */ = {isa = PBXFileReference; fileEncoding = 4; lastKnownFileType = sourcecode.c.h; path = SNParse.h; sourceTree = "<group>"; };
		2853410C1E4DE96E005128C7 /* SNParse.m */ = {isa = PBXFileReference; fileEncoding = 4; lastKnownFileType = sourcecode.c.objc; path = SNParse.m; sourceTree = "<group>"; };
		2853410F1E532EAA005128C7 /* SNNetwork.h */ = {isa = PBXFileReference; fileEncoding = 4; lastKnownFileType = sourcecode.c.h; path = SNNetwork.h; sourceTree = "<group>"; };
		285341101E532EAA005128C7 /* SNNetwork.m */ = {isa = PBXFileReference; fileEncoding = 4; lastKnownFileType = sourcecode.c.objc; path = SNNetwork.m; sourceTree = "<group>"; };
		285341121E532ECB005128C7 /* SNNovelModel.h */ = {isa = PBXFileReference; fileEncoding = 4; lastKnownFileType = sourcecode.c.h; path = SNNovelModel.h; sourceTree = "<group>"; };
		285341131E532ECB005128C7 /* SNNovelModel.m */ = {isa = PBXFileReference; fileEncoding = 4; lastKnownFileType = sourcecode.c.objc; path = SNNovelModel.m; sourceTree = "<group>"; };
		285341151E53317C005128C7 /* SNChapterModel.h */ = {isa = PBXFileReference; fileEncoding = 4; lastKnownFileType = sourcecode.c.h; path = SNChapterModel.h; sourceTree = "<group>"; };
		285341161E53317C005128C7 /* SNChapterModel.m */ = {isa = PBXFileReference; fileEncoding = 4; lastKnownFileType = sourcecode.c.objc; path = SNChapterModel.m; sourceTree = "<group>"; };
		285341181E548297005128C7 /* Sites.plist */ = {isa = PBXFileReference; fileEncoding = 4; lastKnownFileType = text.plist.xml; path = Sites.plist; sourceTree = "<group>"; };
		2853411A1E548659005128C7 /* SNSitesManager.h */ = {isa = PBXFileReference; fileEncoding = 4; lastKnownFileType = sourcecode.c.h; path = SNSitesManager.h; sourceTree = "<group>"; };
		2853411B1E548659005128C7 /* SNSitesManager.m */ = {isa = PBXFileReference; fileEncoding = 4; lastKnownFileType = sourcecode.c.objc; path = SNSitesManager.m; sourceTree = "<group>"; };
		2853411F1E5489F6005128C7 /* libxml2.2.tbd */ = {isa = PBXFileReference; lastKnownFileType = "sourcecode.text-based-dylib-definition"; name = libxml2.2.tbd; path = usr/lib/libxml2.2.tbd; sourceTree = SDKROOT; };
		285341231E548A12005128C7 /* GDataXMLNode.h */ = {isa = PBXFileReference; fileEncoding = 4; lastKnownFileType = sourcecode.c.h; path = GDataXMLNode.h; sourceTree = "<group>"; };
		285341241E548A12005128C7 /* GDataXMLNode.m */ = {isa = PBXFileReference; fileEncoding = 4; lastKnownFileType = sourcecode.c.objc; path = GDataXMLNode.m; sourceTree = "<group>"; };
		285341271E548CEC005128C7 /* SNSite_DH.m */ = {isa = PBXFileReference; fileEncoding = 4; lastKnownFileType = sourcecode.c.objc; path = SNSite_DH.m; sourceTree = "<group>"; };
		2853412A1E5490A5005128C7 /* NSTimer+FGRBlock.h */ = {isa = PBXFileReference; fileEncoding = 4; lastKnownFileType = sourcecode.c.h; path = "NSTimer+FGRBlock.h"; sourceTree = "<group>"; };
		2853412B1E5490A5005128C7 /* NSTimer+FGRBlock.m */ = {isa = PBXFileReference; fileEncoding = 4; lastKnownFileType = sourcecode.c.objc; path = "NSTimer+FGRBlock.m"; sourceTree = "<group>"; };
		2853412C1E5490A5005128C7 /* NSString+FGRExtension.h */ = {isa = PBXFileReference; fileEncoding = 4; lastKnownFileType = sourcecode.c.h; path = "NSString+FGRExtension.h"; sourceTree = "<group>"; };
		2853412D1E5490A5005128C7 /* NSString+FGRExtension.m */ = {isa = PBXFileReference; fileEncoding = 4; lastKnownFileType = sourcecode.c.objc; path = "NSString+FGRExtension.m"; sourceTree = "<group>"; };
		2853412E1E5490A5005128C7 /* UIImage+FGRExtension.h */ = {isa = PBXFileReference; fileEncoding = 4; lastKnownFileType = sourcecode.c.h; path = "UIImage+FGRExtension.h"; sourceTree = "<group>"; };
		2853412F1E5490A5005128C7 /* UIImage+FGRExtension.m */ = {isa = PBXFileReference; fileEncoding = 4; lastKnownFileType = sourcecode.c.objc; path = "UIImage+FGRExtension.m"; sourceTree = "<group>"; };
		285341301E5490A5005128C7 /* UIColor+FGRExtension.h */ = {isa = PBXFileReference; fileEncoding = 4; lastKnownFileType = sourcecode.c.h; path = "UIColor+FGRExtension.h"; sourceTree = "<group>"; };
		285341311E5490A5005128C7 /* UIColor+FGRExtension.m */ = {isa = PBXFileReference; fileEncoding = 4; lastKnownFileType = sourcecode.c.objc; path = "UIColor+FGRExtension.m"; sourceTree = "<group>"; };
		285341371E549915005128C7 /* SNSite_520.m */ = {isa = PBXFileReference; fileEncoding = 4; lastKnownFileType = sourcecode.c.objc; path = SNSite_520.m; sourceTree = "<group>"; };
		285341381E549915005128C7 /* SNSite_SHH.m */ = {isa = PBXFileReference; fileEncoding = 4; lastKnownFileType = sourcecode.c.objc; path = SNSite_SHH.m; sourceTree = "<group>"; };
		285341391E549915005128C7 /* SNSite_LW.m */ = {isa = PBXFileReference; fileEncoding = 4; lastKnownFileType = sourcecode.c.objc; path = SNSite_LW.m; sourceTree = "<group>"; };
		2853413A1E549915005128C7 /* SNSite_MP.m */ = {isa = PBXFileReference; fileEncoding = 4; lastKnownFileType = sourcecode.c.objc; path = SNSite_MP.m; sourceTree = "<group>"; };
		2853413B1E549915005128C7 /* SNSite_LDW.m */ = {isa = PBXFileReference; fileEncoding = 4; lastKnownFileType = sourcecode.c.objc; path = SNSite_LDW.m; sourceTree = "<group>"; };
		2853413C1E549915005128C7 /* SNSite_QK.m */ = {isa = PBXFileReference; fileEncoding = 4; lastKnownFileType = sourcecode.c.objc; path = SNSite_QK.m; sourceTree = "<group>"; };
		2853413D1E549915005128C7 /* SNSite_HH.m */ = {isa = PBXFileReference; fileEncoding = 4; lastKnownFileType = sourcecode.c.objc; path = SNSite_HH.m; sourceTree = "<group>"; };
		2853413E1E549915005128C7 /* SNSite_SN.m */ = {isa = PBXFileReference; fileEncoding = 4; lastKnownFileType = sourcecode.c.objc; path = SNSite_SN.m; sourceTree = "<group>"; };
		2853414F1E571D76005128C7 /* Test.xctest */ = {isa = PBXFileReference; explicitFileType = wrapper.cfbundle; includeInIndex = 0; path = Test.xctest; sourceTree = BUILT_PRODUCTS_DIR; };
		285341511E571D76005128C7 /* Test.m */ = {isa = PBXFileReference; lastKnownFileType = sourcecode.c.objc; path = Test.m; sourceTree = "<group>"; };
		285341531E571D76005128C7 /* Info.plist */ = {isa = PBXFileReference; lastKnownFileType = text.plist.xml; path = Info.plist; sourceTree = "<group>"; };
		285341591E59B833005128C7 /* SNParseProtocol.h */ = {isa = PBXFileReference; fileEncoding = 4; lastKnownFileType = sourcecode.c.h; path = SNParseProtocol.h; sourceTree = "<group>"; };
		2853415A1E59DC9D005128C7 /* SNSite_BQG.m */ = {isa = PBXFileReference; fileEncoding = 4; lastKnownFileType = sourcecode.c.objc; path = SNSite_BQG.m; sourceTree = "<group>"; };
		521BC8A5CC70CDEC685C5D8A /* Pods-Test.debug.xcconfig */ = {isa = PBXFileReference; includeInIndex = 1; lastKnownFileType = text.xcconfig; name = "Pods-Test.debug.xcconfig"; path = "Pods/Target Support Files/Pods-Test/Pods-Test.debug.xcconfig"; sourceTree = "<group>"; };
		B584702C2D56F2E323767E08 /* Pods-ScanNovel.debug.xcconfig */ = {isa = PBXFileReference; includeInIndex = 1; lastKnownFileType = text.xcconfig; name = "Pods-ScanNovel.debug.xcconfig"; path = "Pods/Target Support Files/Pods-ScanNovel/Pods-ScanNovel.debug.xcconfig"; sourceTree = "<group>"; };
		C3E06376CBE0ACE5738F8999 /* Pods-Test.release.xcconfig */ = {isa = PBXFileReference; includeInIndex = 1; lastKnownFileType = text.xcconfig; name = "Pods-Test.release.xcconfig"; path = "Pods/Target Support Files/Pods-Test/Pods-Test.release.xcconfig"; sourceTree = "<group>"; };
		D674ED670EDA27354B1289A7 /* libPods-Test.a */ = {isa = PBXFileReference; explicitFileType = archive.ar; includeInIndex = 0; path = "libPods-Test.a"; sourceTree = BUILT_PRODUCTS_DIR; };
		E79FFD29D4AAF823771EC103 /* libPods-ScanNovel.a */ = {isa = PBXFileReference; explicitFileType = archive.ar; includeInIndex = 0; path = "libPods-ScanNovel.a"; sourceTree = BUILT_PRODUCTS_DIR; };
/* End PBXFileReference section */

/* Begin PBXFrameworksBuildPhase section */
		285340EC1E4DE92C005128C7 /* Frameworks */ = {
			isa = PBXFrameworksBuildPhase;
			buildActionMask = 2147483647;
			files = (
				285341201E5489F6005128C7 /* libxml2.2.tbd in Frameworks */,
				690C2339CAB78C8ED83FC26F /* libPods-ScanNovel.a in Frameworks */,
			);
			runOnlyForDeploymentPostprocessing = 0;
		};
		2853414C1E571D76005128C7 /* Frameworks */ = {
			isa = PBXFrameworksBuildPhase;
			buildActionMask = 2147483647;
			files = (
				DDEF6FB9CFF04FD967FB0EFE /* libPods-Test.a in Frameworks */,
			);
			runOnlyForDeploymentPostprocessing = 0;
		};
/* End PBXFrameworksBuildPhase section */

/* Begin PBXGroup section */
		285340E61E4DE92C005128C7 = {
			isa = PBXGroup;
			children = (
				285340F11E4DE92C005128C7 /* ScanNovel */,
				285341501E571D76005128C7 /* Test */,
				285340F01E4DE92C005128C7 /* Products */,
				2853411E1E5489F5005128C7 /* Frameworks */,
				91420BC62118844F92AADBD4 /* Pods */,
			);
			sourceTree = "<group>";
		};
		285340F01E4DE92C005128C7 /* Products */ = {
			isa = PBXGroup;
			children = (
				285340EF1E4DE92C005128C7 /* ScanNovel.app */,
				2853414F1E571D76005128C7 /* Test.xctest */,
			);
			name = Products;
			sourceTree = "<group>";
		};
		285340F11E4DE92C005128C7 /* ScanNovel */ = {
			isa = PBXGroup;
			children = (
				285341211E5489FF005128C7 /* Other */,
				2853410A1E4DE957005128C7 /* Class */,
				285340F51E4DE92C005128C7 /* AppDelegate.h */,
				285340F61E4DE92C005128C7 /* AppDelegate.m */,
				285340F81E4DE92C005128C7 /* ViewController.h */,
				285340F91E4DE92C005128C7 /* ViewController.m */,
				285340FB1E4DE92C005128C7 /* Main.storyboard */,
				285340FE1E4DE92C005128C7 /* Assets.xcassets */,
				285341001E4DE92C005128C7 /* LaunchScreen.storyboard */,
				285341031E4DE92C005128C7 /* Info.plist */,
				285340F21E4DE92C005128C7 /* Supporting Files */,
			);
			path = ScanNovel;
			sourceTree = "<group>";
		};
		285340F21E4DE92C005128C7 /* Supporting Files */ = {
			isa = PBXGroup;
			children = (
				285340F31E4DE92C005128C7 /* main.m */,
			);
			name = "Supporting Files";
			sourceTree = "<group>";
		};
		285341091E4DE94F005128C7 /* Parse */ = {
			isa = PBXGroup;
			children = (
				285341261E548CC2005128C7 /* crowed */,
				2853411A1E548659005128C7 /* SNSitesManager.h */,
				2853411B1E548659005128C7 /* SNSitesManager.m */,
				2853410B1E4DE96E005128C7 /* SNParse.h */,
				2853410C1E4DE96E005128C7 /* SNParse.m */,
				2853410F1E532EAA005128C7 /* SNNetwork.h */,
				285341101E532EAA005128C7 /* SNNetwork.m */,
				285341181E548297005128C7 /* Sites.plist */,
			);
			name = Parse;
			sourceTree = "<group>";
		};
		2853410A1E4DE957005128C7 /* Class */ = {
			isa = PBXGroup;
			children = (
				2853411D1E548660005128C7 /* Util */,
				2853410E1E532E93005128C7 /* Model */,
				285341091E4DE94F005128C7 /* Parse */,
			);
			name = Class;
			sourceTree = "<group>";
		};
		2853410E1E532E93005128C7 /* Model */ = {
			isa = PBXGroup;
			children = (
				285341121E532ECB005128C7 /* SNNovelModel.h */,
				285341131E532ECB005128C7 /* SNNovelModel.m */,
				285341151E53317C005128C7 /* SNChapterModel.h */,
				285341161E53317C005128C7 /* SNChapterModel.m */,
			);
			name = Model;
			sourceTree = "<group>";
		};
		2853411D1E548660005128C7 /* Util */ = {
			isa = PBXGroup;
			children = (
			);
			name = Util;
			sourceTree = "<group>";
		};
		2853411E1E5489F5005128C7 /* Frameworks */ = {
			isa = PBXGroup;
			children = (
				2853411F1E5489F6005128C7 /* libxml2.2.tbd */,
				E79FFD29D4AAF823771EC103 /* libPods-ScanNovel.a */,
				D674ED670EDA27354B1289A7 /* libPods-Test.a */,
			);
			name = Frameworks;
			sourceTree = "<group>";
		};
		285341211E5489FF005128C7 /* Other */ = {
			isa = PBXGroup;
			children = (
				285341291E54909B005128C7 /* Category */,
				285341221E548A06005128C7 /* GDataXML */,
			);
			name = Other;
			sourceTree = "<group>";
		};
		285341221E548A06005128C7 /* GDataXML */ = {
			isa = PBXGroup;
			children = (
				285341231E548A12005128C7 /* GDataXMLNode.h */,
				285341241E548A12005128C7 /* GDataXMLNode.m */,
			);
			name = GDataXML;
			sourceTree = "<group>";
		};
		285341261E548CC2005128C7 /* crowed */ = {
			isa = PBXGroup;
			children = (
				285341591E59B833005128C7 /* SNParseProtocol.h */,
				2853415A1E59DC9D005128C7 /* SNSite_BQG.m */,
				285341381E549915005128C7 /* SNSite_SHH.m */,
				285341371E549915005128C7 /* SNSite_520.m */,
				285341391E549915005128C7 /* SNSite_LW.m */,
				2853413A1E549915005128C7 /* SNSite_MP.m */,
				2853413B1E549915005128C7 /* SNSite_LDW.m */,
				2853413C1E549915005128C7 /* SNSite_QK.m */,
				2853413D1E549915005128C7 /* SNSite_HH.m */,
				2853413E1E549915005128C7 /* SNSite_SN.m */,
				285341271E548CEC005128C7 /* SNSite_DH.m */,
			);
			name = crowed;
			sourceTree = "<group>";
		};
		285341291E54909B005128C7 /* Category */ = {
			isa = PBXGroup;
			children = (
				2853412A1E5490A5005128C7 /* NSTimer+FGRBlock.h */,
				2853412B1E5490A5005128C7 /* NSTimer+FGRBlock.m */,
				2853412C1E5490A5005128C7 /* NSString+FGRExtension.h */,
				2853412D1E5490A5005128C7 /* NSString+FGRExtension.m */,
				2853412E1E5490A5005128C7 /* UIImage+FGRExtension.h */,
				2853412F1E5490A5005128C7 /* UIImage+FGRExtension.m */,
				285341301E5490A5005128C7 /* UIColor+FGRExtension.h */,
				285341311E5490A5005128C7 /* UIColor+FGRExtension.m */,
			);
			name = Category;
			sourceTree = "<group>";
		};
		285341501E571D76005128C7 /* Test */ = {
			isa = PBXGroup;
			children = (
				285341511E571D76005128C7 /* Test.m */,
				285341531E571D76005128C7 /* Info.plist */,
			);
			path = Test;
			sourceTree = "<group>";
		};
		91420BC62118844F92AADBD4 /* Pods */ = {
			isa = PBXGroup;
			children = (
				B584702C2D56F2E323767E08 /* Pods-ScanNovel.debug.xcconfig */,
				12FDA2DE785B851441DB039A /* Pods-ScanNovel.release.xcconfig */,
				521BC8A5CC70CDEC685C5D8A /* Pods-Test.debug.xcconfig */,
				C3E06376CBE0ACE5738F8999 /* Pods-Test.release.xcconfig */,
			);
			name = Pods;
			sourceTree = "<group>";
		};
/* End PBXGroup section */

/* Begin PBXNativeTarget section */
		285340EE1E4DE92C005128C7 /* ScanNovel */ = {
			isa = PBXNativeTarget;
			buildConfigurationList = 285341061E4DE92C005128C7 /* Build configuration list for PBXNativeTarget "ScanNovel" */;
			buildPhases = (
				46458E336F374CA7201680FA /* 📦 Check Pods Manifest.lock */,
				285340EB1E4DE92C005128C7 /* Sources */,
				285340EC1E4DE92C005128C7 /* Frameworks */,
				285340ED1E4DE92C005128C7 /* Resources */,
				FB3EAA2414AFD8D2344C2169 /* 📦 Embed Pods Frameworks */,
				6E38E5000AAC16B7A62841B4 /* 📦 Copy Pods Resources */,
			);
			buildRules = (
			);
			dependencies = (
			);
			name = ScanNovel;
			productName = ScanNovel;
			productReference = 285340EF1E4DE92C005128C7 /* ScanNovel.app */;
			productType = "com.apple.product-type.application";
		};
		2853414E1E571D76005128C7 /* Test */ = {
			isa = PBXNativeTarget;
			buildConfigurationList = 285341561E571D76005128C7 /* Build configuration list for PBXNativeTarget "Test" */;
			buildPhases = (
				F384544BBCC5A8805FC43249 /* 📦 Check Pods Manifest.lock */,
				2853414B1E571D76005128C7 /* Sources */,
				2853414C1E571D76005128C7 /* Frameworks */,
				2853414D1E571D76005128C7 /* Resources */,
				972B1ACCD121ED2113399D63 /* 📦 Embed Pods Frameworks */,
				6949AB2224609F403C832F2C /* 📦 Copy Pods Resources */,
			);
			buildRules = (
			);
			dependencies = (
				285341551E571D76005128C7 /* PBXTargetDependency */,
			);
			name = Test;
			productName = Test;
			productReference = 2853414F1E571D76005128C7 /* Test.xctest */;
			productType = "com.apple.product-type.bundle.unit-test";
		};
/* End PBXNativeTarget section */

/* Begin PBXProject section */
		285340E71E4DE92C005128C7 /* Project object */ = {
			isa = PBXProject;
			attributes = {
				LastUpgradeCheck = 0820;
				ORGANIZATIONNAME = fenggeren;
				TargetAttributes = {
					285340EE1E4DE92C005128C7 = {
						CreatedOnToolsVersion = 8.2.1;
						DevelopmentTeam = JEPATNX4BL;
						ProvisioningStyle = Automatic;
					};
					2853414E1E571D76005128C7 = {
						CreatedOnToolsVersion = 8.2.1;
						DevelopmentTeam = JEPATNX4BL;
						ProvisioningStyle = Automatic;
						TestTargetID = 285340EE1E4DE92C005128C7;
					};
				};
			};
			buildConfigurationList = 285340EA1E4DE92C005128C7 /* Build configuration list for PBXProject "ScanNovel" */;
			compatibilityVersion = "Xcode 3.2";
			developmentRegion = English;
			hasScannedForEncodings = 0;
			knownRegions = (
				en,
				Base,
			);
			mainGroup = 285340E61E4DE92C005128C7;
			productRefGroup = 285340F01E4DE92C005128C7 /* Products */;
			projectDirPath = "";
			projectRoot = "";
			targets = (
				285340EE1E4DE92C005128C7 /* ScanNovel */,
				2853414E1E571D76005128C7 /* Test */,
			);
		};
/* End PBXProject section */

/* Begin PBXResourcesBuildPhase section */
		285340ED1E4DE92C005128C7 /* Resources */ = {
			isa = PBXResourcesBuildPhase;
			buildActionMask = 2147483647;
			files = (
				285341021E4DE92C005128C7 /* LaunchScreen.storyboard in Resources */,
				285341191E548297005128C7 /* Sites.plist in Resources */,
				285340FF1E4DE92C005128C7 /* Assets.xcassets in Resources */,
				285340FD1E4DE92C005128C7 /* Main.storyboard in Resources */,
			);
			runOnlyForDeploymentPostprocessing = 0;
		};
		2853414D1E571D76005128C7 /* Resources */ = {
			isa = PBXResourcesBuildPhase;
			buildActionMask = 2147483647;
			files = (
			);
			runOnlyForDeploymentPostprocessing = 0;
		};
/* End PBXResourcesBuildPhase section */

/* Begin PBXShellScriptBuildPhase section */
		46458E336F374CA7201680FA /* 📦 Check Pods Manifest.lock */ = {
			isa = PBXShellScriptBuildPhase;
			buildActionMask = 2147483647;
			files = (
			);
			inputPaths = (
			);
			name = "📦 Check Pods Manifest.lock";
			outputPaths = (
			);
			runOnlyForDeploymentPostprocessing = 0;
			shellPath = /bin/sh;
			shellScript = "diff \"${PODS_ROOT}/../Podfile.lock\" \"${PODS_ROOT}/Manifest.lock\" > /dev/null\nif [[ $? != 0 ]] ; then\n    cat << EOM\nerror: The sandbox is not in sync with the Podfile.lock. Run 'pod install' or update your CocoaPods installation.\nEOM\n    exit 1\nfi\n";
			showEnvVarsInLog = 0;
		};
		6949AB2224609F403C832F2C /* 📦 Copy Pods Resources */ = {
			isa = PBXShellScriptBuildPhase;
			buildActionMask = 2147483647;
			files = (
			);
			inputPaths = (
			);
			name = "📦 Copy Pods Resources";
			outputPaths = (
			);
			runOnlyForDeploymentPostprocessing = 0;
			shellPath = /bin/sh;
			shellScript = "\"${SRCROOT}/Pods/Target Support Files/Pods-Test/Pods-Test-resources.sh\"\n";
			showEnvVarsInLog = 0;
		};
		6E38E5000AAC16B7A62841B4 /* 📦 Copy Pods Resources */ = {
			isa = PBXShellScriptBuildPhase;
			buildActionMask = 2147483647;
			files = (
			);
			inputPaths = (
			);
			name = "📦 Copy Pods Resources";
			outputPaths = (
			);
			runOnlyForDeploymentPostprocessing = 0;
			shellPath = /bin/sh;
			shellScript = "\"${SRCROOT}/Pods/Target Support Files/Pods-ScanNovel/Pods-ScanNovel-resources.sh\"\n";
			showEnvVarsInLog = 0;
		};
		972B1ACCD121ED2113399D63 /* 📦 Embed Pods Frameworks */ = {
			isa = PBXShellScriptBuildPhase;
			buildActionMask = 2147483647;
			files = (
			);
			inputPaths = (
			);
			name = "📦 Embed Pods Frameworks";
			outputPaths = (
			);
			runOnlyForDeploymentPostprocessing = 0;
			shellPath = /bin/sh;
			shellScript = "\"${SRCROOT}/Pods/Target Support Files/Pods-Test/Pods-Test-frameworks.sh\"\n";
			showEnvVarsInLog = 0;
		};
		F384544BBCC5A8805FC43249 /* 📦 Check Pods Manifest.lock */ = {
			isa = PBXShellScriptBuildPhase;
			buildActionMask = 2147483647;
			files = (
			);
			inputPaths = (
			);
			name = "📦 Check Pods Manifest.lock";
			outputPaths = (
			);
			runOnlyForDeploymentPostprocessing = 0;
			shellPath = /bin/sh;
			shellScript = "diff \"${PODS_ROOT}/../Podfile.lock\" \"${PODS_ROOT}/Manifest.lock\" > /dev/null\nif [[ $? != 0 ]] ; then\n    cat << EOM\nerror: The sandbox is not in sync with the Podfile.lock. Run 'pod install' or update your CocoaPods installation.\nEOM\n    exit 1\nfi\n";
			showEnvVarsInLog = 0;
		};
		FB3EAA2414AFD8D2344C2169 /* 📦 Embed Pods Frameworks */ = {
			isa = PBXShellScriptBuildPhase;
			buildActionMask = 2147483647;
			files = (
			);
			inputPaths = (
			);
			name = "📦 Embed Pods Frameworks";
			outputPaths = (
			);
			runOnlyForDeploymentPostprocessing = 0;
			shellPath = /bin/sh;
			shellScript = "\"${SRCROOT}/Pods/Target Support Files/Pods-ScanNovel/Pods-ScanNovel-frameworks.sh\"\n";
			showEnvVarsInLog = 0;
		};
/* End PBXShellScriptBuildPhase section */

/* Begin PBXSourcesBuildPhase section */
		285340EB1E4DE92C005128C7 /* Sources */ = {
			isa = PBXSourcesBuildPhase;
			buildActionMask = 2147483647;
			files = (
				2853410D1E4DE96E005128C7 /* SNParse.m in Sources */,
				285341331E5490A5005128C7 /* NSString+FGRExtension.m in Sources */,
				285341451E549915005128C7 /* SNSite_HH.m in Sources */,
				2853415B1E59DC9D005128C7 /* SNSite_BQG.m in Sources */,
				285341171E53317C005128C7 /* SNChapterModel.m in Sources */,
				285341141E532ECB005128C7 /* SNNovelModel.m in Sources */,
				285340FA1E4DE92C005128C7 /* ViewController.m in Sources */,
				2853413F1E549915005128C7 /* SNSite_520.m in Sources */,
				285340F71E4DE92C005128C7 /* AppDelegate.m in Sources */,
				285341411E549915005128C7 /* SNSite_LW.m in Sources */,
				285341461E549915005128C7 /* SNSite_SN.m in Sources */,
				285341321E5490A5005128C7 /* NSTimer+FGRBlock.m in Sources */,
				285341251E548A12005128C7 /* GDataXMLNode.m in Sources */,
				285340F41E4DE92C005128C7 /* main.m in Sources */,
				285341421E549915005128C7 /* SNSite_MP.m in Sources */,
				285341341E5490A5005128C7 /* UIImage+FGRExtension.m in Sources */,
				285341431E549915005128C7 /* SNSite_LDW.m in Sources */,
				285341401E549915005128C7 /* SNSite_SHH.m in Sources */,
				285341441E549915005128C7 /* SNSite_QK.m in Sources */,
				285341111E532EAA005128C7 /* SNNetwork.m in Sources */,
				285341281E548CEC005128C7 /* SNSite_DH.m in Sources */,
				2853411C1E548659005128C7 /* SNSitesManager.m in Sources */,
				285341351E5490A5005128C7 /* UIColor+FGRExtension.m in Sources */,
			);
			runOnlyForDeploymentPostprocessing = 0;
		};
		2853414B1E571D76005128C7 /* Sources */ = {
			isa = PBXSourcesBuildPhase;
			buildActionMask = 2147483647;
			files = (
				285341521E571D76005128C7 /* Test.m in Sources */,
			);
			runOnlyForDeploymentPostprocessing = 0;
		};
/* End PBXSourcesBuildPhase section */

/* Begin PBXTargetDependency section */
		285341551E571D76005128C7 /* PBXTargetDependency */ = {
			isa = PBXTargetDependency;
			target = 285340EE1E4DE92C005128C7 /* ScanNovel */;
			targetProxy = 285341541E571D76005128C7 /* PBXContainerItemProxy */;
		};
/* End PBXTargetDependency section */

/* Begin PBXVariantGroup section */
		285340FB1E4DE92C005128C7 /* Main.storyboard */ = {
			isa = PBXVariantGroup;
			children = (
				285340FC1E4DE92C005128C7 /* Base */,
			);
			name = Main.storyboard;
			sourceTree = "<group>";
		};
		285341001E4DE92C005128C7 /* LaunchScreen.storyboard */ = {
			isa = PBXVariantGroup;
			children = (
				285341011E4DE92C005128C7 /* Base */,
			);
			name = LaunchScreen.storyboard;
			sourceTree = "<group>";
		};
/* End PBXVariantGroup section */

/* Begin XCBuildConfiguration section */
		285341041E4DE92C005128C7 /* Debug */ = {
			isa = XCBuildConfiguration;
			buildSettings = {
				ALWAYS_SEARCH_USER_PATHS = NO;
				CLANG_ANALYZER_NONNULL = YES;
				CLANG_CXX_LANGUAGE_STANDARD = "gnu++0x";
				CLANG_CXX_LIBRARY = "libc++";
				CLANG_ENABLE_MODULES = YES;
				CLANG_ENABLE_OBJC_ARC = YES;
				CLANG_WARN_BOOL_CONVERSION = YES;
				CLANG_WARN_CONSTANT_CONVERSION = YES;
				CLANG_WARN_DIRECT_OBJC_ISA_USAGE = YES_ERROR;
				CLANG_WARN_DOCUMENTATION_COMMENTS = YES;
				CLANG_WARN_EMPTY_BODY = YES;
				CLANG_WARN_ENUM_CONVERSION = YES;
				CLANG_WARN_INFINITE_RECURSION = YES;
				CLANG_WARN_INT_CONVERSION = YES;
				CLANG_WARN_OBJC_ROOT_CLASS = YES_ERROR;
				CLANG_WARN_SUSPICIOUS_MOVE = YES;
				CLANG_WARN_UNREACHABLE_CODE = YES;
				CLANG_WARN__DUPLICATE_METHOD_MATCH = YES;
				"CODE_SIGN_IDENTITY[sdk=iphoneos*]" = "iPhone Developer";
				COPY_PHASE_STRIP = NO;
				DEBUG_INFORMATION_FORMAT = dwarf;
				ENABLE_STRICT_OBJC_MSGSEND = YES;
				ENABLE_TESTABILITY = YES;
				GCC_C_LANGUAGE_STANDARD = gnu99;
				GCC_DYNAMIC_NO_PIC = NO;
				GCC_NO_COMMON_BLOCKS = YES;
				GCC_OPTIMIZATION_LEVEL = 0;
				GCC_PREPROCESSOR_DEFINITIONS = (
					"DEBUG=1",
					"$(inherited)",
				);
				GCC_WARN_64_TO_32_BIT_CONVERSION = YES;
				GCC_WARN_ABOUT_RETURN_TYPE = YES_ERROR;
				GCC_WARN_UNDECLARED_SELECTOR = YES;
				GCC_WARN_UNINITIALIZED_AUTOS = YES_AGGRESSIVE;
				GCC_WARN_UNUSED_FUNCTION = YES;
				GCC_WARN_UNUSED_VARIABLE = YES;
				HEADER_SEARCH_PATHS = "";
				IPHONEOS_DEPLOYMENT_TARGET = 10.2;
				LIBRARY_SEARCH_PATHS = "";
				MTL_ENABLE_DEBUG_INFO = YES;
				ONLY_ACTIVE_ARCH = YES;
				OTHER_LDFLAGS = "$(inherited)";
				SDKROOT = iphoneos;
				TARGETED_DEVICE_FAMILY = "1,2";
			};
			name = Debug;
		};
		285341051E4DE92C005128C7 /* Release */ = {
			isa = XCBuildConfiguration;
			buildSettings = {
				ALWAYS_SEARCH_USER_PATHS = NO;
				CLANG_ANALYZER_NONNULL = YES;
				CLANG_CXX_LANGUAGE_STANDARD = "gnu++0x";
				CLANG_CXX_LIBRARY = "libc++";
				CLANG_ENABLE_MODULES = YES;
				CLANG_ENABLE_OBJC_ARC = YES;
				CLANG_WARN_BOOL_CONVERSION = YES;
				CLANG_WARN_CONSTANT_CONVERSION = YES;
				CLANG_WARN_DIRECT_OBJC_ISA_USAGE = YES_ERROR;
				CLANG_WARN_DOCUMENTATION_COMMENTS = YES;
				CLANG_WARN_EMPTY_BODY = YES;
				CLANG_WARN_ENUM_CONVERSION = YES;
				CLANG_WARN_INFINITE_RECURSION = YES;
				CLANG_WARN_INT_CONVERSION = YES;
				CLANG_WARN_OBJC_ROOT_CLASS = YES_ERROR;
				CLANG_WARN_SUSPICIOUS_MOVE = YES;
				CLANG_WARN_UNREACHABLE_CODE = YES;
				CLANG_WARN__DUPLICATE_METHOD_MATCH = YES;
				"CODE_SIGN_IDENTITY[sdk=iphoneos*]" = "iPhone Developer";
				COPY_PHASE_STRIP = NO;
				DEBUG_INFORMATION_FORMAT = "dwarf-with-dsym";
				ENABLE_NS_ASSERTIONS = NO;
				ENABLE_STRICT_OBJC_MSGSEND = YES;
				GCC_C_LANGUAGE_STANDARD = gnu99;
				GCC_NO_COMMON_BLOCKS = YES;
				GCC_WARN_64_TO_32_BIT_CONVERSION = YES;
				GCC_WARN_ABOUT_RETURN_TYPE = YES_ERROR;
				GCC_WARN_UNDECLARED_SELECTOR = YES;
				GCC_WARN_UNINITIALIZED_AUTOS = YES_AGGRESSIVE;
				GCC_WARN_UNUSED_FUNCTION = YES;
				GCC_WARN_UNUSED_VARIABLE = YES;
				HEADER_SEARCH_PATHS = "";
				IPHONEOS_DEPLOYMENT_TARGET = 10.2;
				LIBRARY_SEARCH_PATHS = "";
				MTL_ENABLE_DEBUG_INFO = NO;
				OTHER_LDFLAGS = "$(inherited)";
				SDKROOT = iphoneos;
				TARGETED_DEVICE_FAMILY = "1,2";
				VALIDATE_PRODUCT = YES;
			};
			name = Release;
		};
		285341071E4DE92C005128C7 /* Debug */ = {
			isa = XCBuildConfiguration;
			baseConfigurationReference = B584702C2D56F2E323767E08 /* Pods-ScanNovel.debug.xcconfig */;
			buildSettings = {
				ASSETCATALOG_COMPILER_APPICON_NAME = AppIcon;
				DEVELOPMENT_TEAM = JEPATNX4BL;
				FRAMEWORK_SEARCH_PATHS = "";
				HEADER_SEARCH_PATHS = /usr/include/libxml2;
				INFOPLIST_FILE = ScanNovel/Info.plist;
				LD_RUNPATH_SEARCH_PATHS = "$(inherited) @executable_path/Frameworks";
				LIBRARY_SEARCH_PATHS = "\"$PODS_CONFIGURATION_BUILD_DIR/AFNetworking\"";
				OTHER_LDFLAGS = (
					"$(inherited)",
					"-lxml2",
				);
				PRODUCT_BUNDLE_IDENTIFIER = com.fgr.ScanNovel;
				PRODUCT_NAME = "$(TARGET_NAME)";
			};
			name = Debug;
		};
		285341081E4DE92C005128C7 /* Release */ = {
			isa = XCBuildConfiguration;
			baseConfigurationReference = 12FDA2DE785B851441DB039A /* Pods-ScanNovel.release.xcconfig */;
			buildSettings = {
				ASSETCATALOG_COMPILER_APPICON_NAME = AppIcon;
				DEVELOPMENT_TEAM = JEPATNX4BL;
				FRAMEWORK_SEARCH_PATHS = "";
				HEADER_SEARCH_PATHS = /usr/include/libxml2;
				INFOPLIST_FILE = ScanNovel/Info.plist;
				LD_RUNPATH_SEARCH_PATHS = "$(inherited) @executable_path/Frameworks";
				LIBRARY_SEARCH_PATHS = "\"$PODS_CONFIGURATION_BUILD_DIR/AFNetworking\"";
				OTHER_LDFLAGS = (
					"$(inherited)",
					"-lxml2",
				);
				PRODUCT_BUNDLE_IDENTIFIER = com.fgr.ScanNovel;
				PRODUCT_NAME = "$(TARGET_NAME)";
			};
			name = Release;
		};
		285341571E571D76005128C7 /* Debug */ = {
			isa = XCBuildConfiguration;
			baseConfigurationReference = 521BC8A5CC70CDEC685C5D8A /* Pods-Test.debug.xcconfig */;
			buildSettings = {
				BUNDLE_LOADER = "$(TEST_HOST)";
				DEVELOPMENT_TEAM = JEPATNX4BL;
				HEADER_SEARCH_PATHS = (
					"\"${PODS_ROOT}/Headers/Public\"",
					"\"${PODS_ROOT}/Headers/Public/AFNetworking\"",
				);
				INFOPLIST_FILE = Test/Info.plist;
				LD_RUNPATH_SEARCH_PATHS = "$(inherited) @executable_path/Frameworks @loader_path/Frameworks";
				LIBRARY_SEARCH_PATHS = "\"$PODS_CONFIGURATION_BUILD_DIR/AFNetworking\"";
				PRODUCT_BUNDLE_IDENTIFIER = com.fgr.Test;
				PRODUCT_NAME = "$(TARGET_NAME)";
				TEST_HOST = "$(BUILT_PRODUCTS_DIR)/ScanNovel.app/ScanNovel";
			};
			name = Debug;
		};
		285341581E571D76005128C7 /* Release */ = {
			isa = XCBuildConfiguration;
			baseConfigurationReference = C3E06376CBE0ACE5738F8999 /* Pods-Test.release.xcconfig */;
			buildSettings = {
				BUNDLE_LOADER = "$(TEST_HOST)";
				DEVELOPMENT_TEAM = JEPATNX4BL;
				HEADER_SEARCH_PATHS = (
					"\"${PODS_ROOT}/Headers/Public\"",
					"\"${PODS_ROOT}/Headers/Public/AFNetworking\"",
				);
				INFOPLIST_FILE = Test/Info.plist;
				LD_RUNPATH_SEARCH_PATHS = "$(inherited) @executable_path/Frameworks @loader_path/Frameworks";
				LIBRARY_SEARCH_PATHS = "\"$PODS_CONFIGURATION_BUILD_DIR/AFNetworking\"";
				PRODUCT_BUNDLE_IDENTIFIER = com.fgr.Test;
				PRODUCT_NAME = "$(TARGET_NAME)";
				TEST_HOST = "$(BUILT_PRODUCTS_DIR)/ScanNovel.app/ScanNovel";
			};
			name = Release;
		};
/* End XCBuildConfiguration section */

/* Begin XCConfigurationList section */
		285340EA1E4DE92C005128C7 /* Build configuration list for PBXProject "ScanNovel" */ = {
			isa = XCConfigurationList;
			buildConfigurations = (
				285341041E4DE92C005128C7 /* Debug */,
				285341051E4DE92C005128C7 /* Release */,
			);
			defaultConfigurationIsVisible = 0;
			defaultConfigurationName = Release;
		};
		285341061E4DE92C005128C7 /* Build configuration list for PBXNativeTarget "ScanNovel" */ = {
			isa = XCConfigurationList;
			buildConfigurations = (
				285341071E4DE92C005128C7 /* Debug */,
				285341081E4DE92C005128C7 /* Release */,
			);
			defaultConfigurationIsVisible = 0;
			defaultConfigurationName = Release;
		};
		285341561E571D76005128C7 /* Build configuration list for PBXNativeTarget "Test" */ = {
			isa = XCConfigurationList;
			buildConfigurations = (
				285341571E571D76005128C7 /* Debug */,
				285341581E571D76005128C7 /* Release */,
			);
			defaultConfigurationIsVisible = 0;
			defaultConfigurationName = Release;
		};
/* End XCConfigurationList section */
	};
	rootObject = 285340E71E4DE92C005128C7 /* Project object */;
}
